// !$*UTF8*$!
{
	archiveVersion = 1;
	classes = {
	};
	objectVersion = 46;
	objects = {

/* Begin PBXBuildFile section */
		8D24264D62A0281D07906876 /* Pods_FoodSnapTests.framework in Frameworks */ = {isa = PBXBuildFile; fileRef = 4B26151FFECED8384180DECA /* Pods_FoodSnapTests.framework */; };
		A98F7D0246D721492034E336 /* Pods_FoodSnapUITests.framework in Frameworks */ = {isa = PBXBuildFile; fileRef = 53744EF4A160232347DADB42 /* Pods_FoodSnapUITests.framework */; };
		CA44AD301EF9CAC2009A89AD /* TaskDescPopupView.swift in Sources */ = {isa = PBXBuildFile; fileRef = CA44AD2F1EF9CAC2009A89AD /* TaskDescPopupView.swift */; };
		CA44AD321EF9CAD1009A89AD /* TaskDescPopupView.xib in Resources */ = {isa = PBXBuildFile; fileRef = CA44AD311EF9CAD1009A89AD /* TaskDescPopupView.xib */; };
		CA44AD341EF9D791009A89AD /* InstagramManager.swift in Sources */ = {isa = PBXBuildFile; fileRef = CA44AD331EF9D791009A89AD /* InstagramManager.swift */; };
		CA7815541EFAB63C002AC1ED /* SharedPhotoTableViewCell.swift in Sources */ = {isa = PBXBuildFile; fileRef = CA7815521EFAB63C002AC1ED /* SharedPhotoTableViewCell.swift */; };
		CA7815551EFAB63C002AC1ED /* SharedPhotoTableViewCell.xib in Resources */ = {isa = PBXBuildFile; fileRef = CA7815531EFAB63C002AC1ED /* SharedPhotoTableViewCell.xib */; };
		CA7815581EFABA7C002AC1ED /* SharedPhotosTableViewController.swift in Sources */ = {isa = PBXBuildFile; fileRef = CA7815561EFABA7C002AC1ED /* SharedPhotosTableViewController.swift */; };
		CA7815591EFABA7C002AC1ED /* SharedPhotosTableViewController.xib in Resources */ = {isa = PBXBuildFile; fileRef = CA7815571EFABA7C002AC1ED /* SharedPhotosTableViewController.xib */; };
		CA7815621EFAC438002AC1ED /* BusinessApplicationViewController.swift in Sources */ = {isa = PBXBuildFile; fileRef = CA7815601EFAC438002AC1ED /* BusinessApplicationViewController.swift */; };
		CA7815631EFAC438002AC1ED /* BusinessApplicationViewController.xib in Resources */ = {isa = PBXBuildFile; fileRef = CA7815611EFAC438002AC1ED /* BusinessApplicationViewController.xib */; };
		CA78156A1EFB08DF002AC1ED /* BusinessHomeViewController.swift in Sources */ = {isa = PBXBuildFile; fileRef = CA7815681EFB08DF002AC1ED /* BusinessHomeViewController.swift */; };
		CA78156B1EFB08DF002AC1ED /* BusinessHomeViewController.xib in Resources */ = {isa = PBXBuildFile; fileRef = CA7815691EFB08DF002AC1ED /* BusinessHomeViewController.xib */; };
		CA94618F1EF99ABD0019959C /* BusinessTaskExpandedViewController.swift in Sources */ = {isa = PBXBuildFile; fileRef = CA94618D1EF99ABD0019959C /* BusinessTaskExpandedViewController.swift */; };
		CA9461901EF99ABD0019959C /* BusinessTaskExpandedViewController.xib in Resources */ = {isa = PBXBuildFile; fileRef = CA94618E1EF99ABD0019959C /* BusinessTaskExpandedViewController.xib */; };
		CAE29F601EF976180004DCC7 /* BusinessTaskView.xib in Resources */ = {isa = PBXBuildFile; fileRef = CAE29F5F1EF976180004DCC7 /* BusinessTaskView.xib */; };
		CAE29F621EF9768E0004DCC7 /* BusinessTaskView.swift in Sources */ = {isa = PBXBuildFile; fileRef = CAE29F611EF9768E0004DCC7 /* BusinessTaskView.swift */; };
		CAED1E071EF96E2000585422 /* MapKit.framework in Frameworks */ = {isa = PBXBuildFile; fileRef = CAED1E061EF96E2000585422 /* MapKit.framework */; };
		CAED1E0D1EF96FAC00585422 /* NavigationViewController.swift in Sources */ = {isa = PBXBuildFile; fileRef = CAED1E0C1EF96FAC00585422 /* NavigationViewController.swift */; };
		CAED1E101EF96FC300585422 /* HomeViewController.swift in Sources */ = {isa = PBXBuildFile; fileRef = CAED1E0E1EF96FC300585422 /* HomeViewController.swift */; };
		CAED1E111EF96FC300585422 /* HomeViewController.xib in Resources */ = {isa = PBXBuildFile; fileRef = CAED1E0F1EF96FC300585422 /* HomeViewController.xib */; };
		CAF516881EF952A20017F63A /* AppDelegate.swift in Sources */ = {isa = PBXBuildFile; fileRef = CAF516871EF952A20017F63A /* AppDelegate.swift */; };
		CAF5168A1EF952A20017F63A /* ViewController.swift in Sources */ = {isa = PBXBuildFile; fileRef = CAF516891EF952A20017F63A /* ViewController.swift */; };
		CAF5168D1EF952A20017F63A /* Main.storyboard in Resources */ = {isa = PBXBuildFile; fileRef = CAF5168B1EF952A20017F63A /* Main.storyboard */; };
		CAF5168F1EF952A20017F63A /* Assets.xcassets in Resources */ = {isa = PBXBuildFile; fileRef = CAF5168E1EF952A20017F63A /* Assets.xcassets */; };
		CAF516921EF952A20017F63A /* LaunchScreen.storyboard in Resources */ = {isa = PBXBuildFile; fileRef = CAF516901EF952A20017F63A /* LaunchScreen.storyboard */; };
		CAF5169D1EF952A20017F63A /* FoodSnapTests.swift in Sources */ = {isa = PBXBuildFile; fileRef = CAF5169C1EF952A20017F63A /* FoodSnapTests.swift */; };
		CAF516A81EF952A20017F63A /* FoodSnapUITests.swift in Sources */ = {isa = PBXBuildFile; fileRef = CAF516A71EF952A20017F63A /* FoodSnapUITests.swift */; };
		DFD8E7D983B16A87105F694E /* Pods_FoodSnap.framework in Frameworks */ = {isa = PBXBuildFile; fileRef = 6E7C11C6E3BD5A47D6656D35 /* Pods_FoodSnap.framework */; };
/* End PBXBuildFile section */

/* Begin PBXContainerItemProxy section */
		CAF516991EF952A20017F63A /* PBXContainerItemProxy */ = {
			isa = PBXContainerItemProxy;
			containerPortal = CAF5167C1EF952A20017F63A /* Project object */;
			proxyType = 1;
			remoteGlobalIDString = CAF516831EF952A20017F63A;
			remoteInfo = FoodSnap;
		};
		CAF516A41EF952A20017F63A /* PBXContainerItemProxy */ = {
			isa = PBXContainerItemProxy;
			containerPortal = CAF5167C1EF952A20017F63A /* Project object */;
			proxyType = 1;
			remoteGlobalIDString = CAF516831EF952A20017F63A;
			remoteInfo = FoodSnap;
		};
/* End PBXContainerItemProxy section */

/* Begin PBXFileReference section */
		09206BAF84B12502F2A1BFB8 /* Pods-FoodSnapUITests.release.xcconfig */ = {isa = PBXFileReference; includeInIndex = 1; lastKnownFileType = text.xcconfig; name = "Pods-FoodSnapUITests.release.xcconfig"; path = "Pods/Target Support Files/Pods-FoodSnapUITests/Pods-FoodSnapUITests.release.xcconfig"; sourceTree = "<group>"; };
		4B26151FFECED8384180DECA /* Pods_FoodSnapTests.framework */ = {isa = PBXFileReference; explicitFileType = wrapper.framework; includeInIndex = 0; path = Pods_FoodSnapTests.framework; sourceTree = BUILT_PRODUCTS_DIR; };
		53744EF4A160232347DADB42 /* Pods_FoodSnapUITests.framework */ = {isa = PBXFileReference; explicitFileType = wrapper.framework; includeInIndex = 0; path = Pods_FoodSnapUITests.framework; sourceTree = BUILT_PRODUCTS_DIR; };
		59DCF5F574388DE136ABA228 /* Pods-FoodSnapUITests.debug.xcconfig */ = {isa = PBXFileReference; includeInIndex = 1; lastKnownFileType = text.xcconfig; name = "Pods-FoodSnapUITests.debug.xcconfig"; path = "Pods/Target Support Files/Pods-FoodSnapUITests/Pods-FoodSnapUITests.debug.xcconfig"; sourceTree = "<group>"; };
		6850F6AC909A550DAE5D8AFA /* Pods-FoodSnap.debug.xcconfig */ = {isa = PBXFileReference; includeInIndex = 1; lastKnownFileType = text.xcconfig; name = "Pods-FoodSnap.debug.xcconfig"; path = "Pods/Target Support Files/Pods-FoodSnap/Pods-FoodSnap.debug.xcconfig"; sourceTree = "<group>"; };
		6E7C11C6E3BD5A47D6656D35 /* Pods_FoodSnap.framework */ = {isa = PBXFileReference; explicitFileType = wrapper.framework; includeInIndex = 0; path = Pods_FoodSnap.framework; sourceTree = BUILT_PRODUCTS_DIR; };
		9C36C228F5E6DA343151B8AA /* Pods-FoodSnapTests.debug.xcconfig */ = {isa = PBXFileReference; includeInIndex = 1; lastKnownFileType = text.xcconfig; name = "Pods-FoodSnapTests.debug.xcconfig"; path = "Pods/Target Support Files/Pods-FoodSnapTests/Pods-FoodSnapTests.debug.xcconfig"; sourceTree = "<group>"; };
		CA321D7B1EF9A9AE006DDA24 /* CameraManager.framework */ = {isa = PBXFileReference; lastKnownFileType = wrapper.framework; name = CameraManager.framework; path = "Pods/../build/Debug-iphoneos/CameraManager/CameraManager.framework"; sourceTree = "<group>"; };
		CA44AD2F1EF9CAC2009A89AD /* TaskDescPopupView.swift */ = {isa = PBXFileReference; fileEncoding = 4; lastKnownFileType = sourcecode.swift; path = TaskDescPopupView.swift; sourceTree = "<group>"; };
		CA44AD311EF9CAD1009A89AD /* TaskDescPopupView.xib */ = {isa = PBXFileReference; fileEncoding = 4; lastKnownFileType = file.xib; path = TaskDescPopupView.xib; sourceTree = "<group>"; };
		CA44AD331EF9D791009A89AD /* InstagramManager.swift */ = {isa = PBXFileReference; fileEncoding = 4; lastKnownFileType = sourcecode.swift; path = InstagramManager.swift; sourceTree = "<group>"; };
		CA7815521EFAB63C002AC1ED /* SharedPhotoTableViewCell.swift */ = {isa = PBXFileReference; fileEncoding = 4; lastKnownFileType = sourcecode.swift; path = SharedPhotoTableViewCell.swift; sourceTree = "<group>"; };
		CA7815531EFAB63C002AC1ED /* SharedPhotoTableViewCell.xib */ = {isa = PBXFileReference; fileEncoding = 4; lastKnownFileType = file.xib; path = SharedPhotoTableViewCell.xib; sourceTree = "<group>"; };
		CA7815561EFABA7C002AC1ED /* SharedPhotosTableViewController.swift */ = {isa = PBXFileReference; fileEncoding = 4; lastKnownFileType = sourcecode.swift; path = SharedPhotosTableViewController.swift; sourceTree = "<group>"; };
		CA7815571EFABA7C002AC1ED /* SharedPhotosTableViewController.xib */ = {isa = PBXFileReference; fileEncoding = 4; lastKnownFileType = file.xib; path = SharedPhotosTableViewController.xib; sourceTree = "<group>"; };
		CA7815601EFAC438002AC1ED /* BusinessApplicationViewController.swift */ = {isa = PBXFileReference; fileEncoding = 4; lastKnownFileType = sourcecode.swift; path = BusinessApplicationViewController.swift; sourceTree = "<group>"; };
		CA7815611EFAC438002AC1ED /* BusinessApplicationViewController.xib */ = {isa = PBXFileReference; fileEncoding = 4; lastKnownFileType = file.xib; path = BusinessApplicationViewController.xib; sourceTree = "<group>"; };
		CA7815681EFB08DF002AC1ED /* BusinessHomeViewController.swift */ = {isa = PBXFileReference; fileEncoding = 4; lastKnownFileType = sourcecode.swift; path = BusinessHomeViewController.swift; sourceTree = "<group>"; };
		CA7815691EFB08DF002AC1ED /* BusinessHomeViewController.xib */ = {isa = PBXFileReference; fileEncoding = 4; lastKnownFileType = file.xib; path = BusinessHomeViewController.xib; sourceTree = "<group>"; };
		CA94618D1EF99ABD0019959C /* BusinessTaskExpandedViewController.swift */ = {isa = PBXFileReference; fileEncoding = 4; lastKnownFileType = sourcecode.swift; path = BusinessTaskExpandedViewController.swift; sourceTree = "<group>"; };
		CA94618E1EF99ABD0019959C /* BusinessTaskExpandedViewController.xib */ = {isa = PBXFileReference; fileEncoding = 4; lastKnownFileType = file.xib; path = BusinessTaskExpandedViewController.xib; sourceTree = "<group>"; };
		CAE29F5F1EF976180004DCC7 /* BusinessTaskView.xib */ = {isa = PBXFileReference; fileEncoding = 4; lastKnownFileType = file.xib; path = BusinessTaskView.xib; sourceTree = "<group>"; };
		CAE29F611EF9768E0004DCC7 /* BusinessTaskView.swift */ = {isa = PBXFileReference; fileEncoding = 4; lastKnownFileType = sourcecode.swift; path = BusinessTaskView.swift; sourceTree = "<group>"; };
		CAED1E061EF96E2000585422 /* MapKit.framework */ = {isa = PBXFileReference; lastKnownFileType = wrapper.framework; name = MapKit.framework; path = System/Library/Frameworks/MapKit.framework; sourceTree = SDKROOT; };
		CAED1E0C1EF96FAC00585422 /* NavigationViewController.swift */ = {isa = PBXFileReference; fileEncoding = 4; lastKnownFileType = sourcecode.swift; name = NavigationViewController.swift; path = ../NavigationViewController.swift; sourceTree = "<group>"; };
		CAED1E0E1EF96FC300585422 /* HomeViewController.swift */ = {isa = PBXFileReference; fileEncoding = 4; lastKnownFileType = sourcecode.swift; path = HomeViewController.swift; sourceTree = "<group>"; };
		CAED1E0F1EF96FC300585422 /* HomeViewController.xib */ = {isa = PBXFileReference; fileEncoding = 4; lastKnownFileType = file.xib; path = HomeViewController.xib; sourceTree = "<group>"; };
		CAF516841EF952A20017F63A /* FoodSnap.app */ = {isa = PBXFileReference; explicitFileType = wrapper.application; includeInIndex = 0; path = FoodSnap.app; sourceTree = BUILT_PRODUCTS_DIR; };
		CAF516871EF952A20017F63A /* AppDelegate.swift */ = {isa = PBXFileReference; lastKnownFileType = sourcecode.swift; path = AppDelegate.swift; sourceTree = "<group>"; };
		CAF516891EF952A20017F63A /* ViewController.swift */ = {isa = PBXFileReference; lastKnownFileType = sourcecode.swift; path = ViewController.swift; sourceTree = "<group>"; };
		CAF5168C1EF952A20017F63A /* Base */ = {isa = PBXFileReference; lastKnownFileType = file.storyboard; name = Base; path = Base.lproj/Main.storyboard; sourceTree = "<group>"; };
		CAF5168E1EF952A20017F63A /* Assets.xcassets */ = {isa = PBXFileReference; lastKnownFileType = folder.assetcatalog; path = Assets.xcassets; sourceTree = "<group>"; };
		CAF516911EF952A20017F63A /* Base */ = {isa = PBXFileReference; lastKnownFileType = file.storyboard; name = Base; path = Base.lproj/LaunchScreen.storyboard; sourceTree = "<group>"; };
		CAF516931EF952A20017F63A /* Info.plist */ = {isa = PBXFileReference; lastKnownFileType = text.plist.xml; path = Info.plist; sourceTree = "<group>"; };
		CAF516981EF952A20017F63A /* FoodSnapTests.xctest */ = {isa = PBXFileReference; explicitFileType = wrapper.cfbundle; includeInIndex = 0; path = FoodSnapTests.xctest; sourceTree = BUILT_PRODUCTS_DIR; };
		CAF5169C1EF952A20017F63A /* FoodSnapTests.swift */ = {isa = PBXFileReference; lastKnownFileType = sourcecode.swift; path = FoodSnapTests.swift; sourceTree = "<group>"; };
		CAF5169E1EF952A20017F63A /* Info.plist */ = {isa = PBXFileReference; lastKnownFileType = text.plist.xml; path = Info.plist; sourceTree = "<group>"; };
		CAF516A31EF952A20017F63A /* FoodSnapUITests.xctest */ = {isa = PBXFileReference; explicitFileType = wrapper.cfbundle; includeInIndex = 0; path = FoodSnapUITests.xctest; sourceTree = BUILT_PRODUCTS_DIR; };
		CAF516A71EF952A20017F63A /* FoodSnapUITests.swift */ = {isa = PBXFileReference; lastKnownFileType = sourcecode.swift; path = FoodSnapUITests.swift; sourceTree = "<group>"; };
		CAF516A91EF952A20017F63A /* Info.plist */ = {isa = PBXFileReference; lastKnownFileType = text.plist.xml; path = Info.plist; sourceTree = "<group>"; };
		CB566BAD8AC5BB689DCE77AD /* Pods-FoodSnap.release.xcconfig */ = {isa = PBXFileReference; includeInIndex = 1; lastKnownFileType = text.xcconfig; name = "Pods-FoodSnap.release.xcconfig"; path = "Pods/Target Support Files/Pods-FoodSnap/Pods-FoodSnap.release.xcconfig"; sourceTree = "<group>"; };
		EDB51859DEE833E4AE9E0D88 /* Pods-FoodSnapTests.release.xcconfig */ = {isa = PBXFileReference; includeInIndex = 1; lastKnownFileType = text.xcconfig; name = "Pods-FoodSnapTests.release.xcconfig"; path = "Pods/Target Support Files/Pods-FoodSnapTests/Pods-FoodSnapTests.release.xcconfig"; sourceTree = "<group>"; };
/* End PBXFileReference section */

/* Begin PBXFrameworksBuildPhase section */
		CAF516811EF952A20017F63A /* Frameworks */ = {
			isa = PBXFrameworksBuildPhase;
			buildActionMask = 2147483647;
			files = (
				CAED1E071EF96E2000585422 /* MapKit.framework in Frameworks */,
				DFD8E7D983B16A87105F694E /* Pods_FoodSnap.framework in Frameworks */,
			);
			runOnlyForDeploymentPostprocessing = 0;
		};
		CAF516951EF952A20017F63A /* Frameworks */ = {
			isa = PBXFrameworksBuildPhase;
			buildActionMask = 2147483647;
			files = (
				8D24264D62A0281D07906876 /* Pods_FoodSnapTests.framework in Frameworks */,
			);
			runOnlyForDeploymentPostprocessing = 0;
		};
		CAF516A01EF952A20017F63A /* Frameworks */ = {
			isa = PBXFrameworksBuildPhase;
			buildActionMask = 2147483647;
			files = (
				A98F7D0246D721492034E336 /* Pods_FoodSnapUITests.framework in Frameworks */,
			);
			runOnlyForDeploymentPostprocessing = 0;
		};
/* End PBXFrameworksBuildPhase section */

/* Begin PBXGroup section */
		26F2FCBA59319C6AFB1B15AC /* Pods */ = {
			isa = PBXGroup;
			children = (
				6850F6AC909A550DAE5D8AFA /* Pods-FoodSnap.debug.xcconfig */,
				CB566BAD8AC5BB689DCE77AD /* Pods-FoodSnap.release.xcconfig */,
				9C36C228F5E6DA343151B8AA /* Pods-FoodSnapTests.debug.xcconfig */,
				EDB51859DEE833E4AE9E0D88 /* Pods-FoodSnapTests.release.xcconfig */,
				59DCF5F574388DE136ABA228 /* Pods-FoodSnapUITests.debug.xcconfig */,
				09206BAF84B12502F2A1BFB8 /* Pods-FoodSnapUITests.release.xcconfig */,
			);
			name = Pods;
			sourceTree = "<group>";
		};
		CA78155A1EFAC365002AC1ED /* Instagram Users */ = {
			isa = PBXGroup;
			children = (
				CAED1E0E1EF96FC300585422 /* HomeViewController.swift */,
				CAED1E0F1EF96FC300585422 /* HomeViewController.xib */,
				CA94618D1EF99ABD0019959C /* BusinessTaskExpandedViewController.swift */,
				CA94618E1EF99ABD0019959C /* BusinessTaskExpandedViewController.xib */,
				CA7815561EFABA7C002AC1ED /* SharedPhotosTableViewController.swift */,
				CA7815571EFABA7C002AC1ED /* SharedPhotosTableViewController.xib */,
				CA7815521EFAB63C002AC1ED /* SharedPhotoTableViewCell.swift */,
				CA7815531EFAB63C002AC1ED /* SharedPhotoTableViewCell.xib */,
				CAE29F611EF9768E0004DCC7 /* BusinessTaskView.swift */,
				CAE29F5F1EF976180004DCC7 /* BusinessTaskView.xib */,
				CA44AD2F1EF9CAC2009A89AD /* TaskDescPopupView.swift */,
				CA44AD311EF9CAD1009A89AD /* TaskDescPopupView.xib */,
				CA44AD331EF9D791009A89AD /* InstagramManager.swift */,
			);
			name = "Instagram Users";
			sourceTree = "<group>";
		};
		CA78155B1EFAC3A4002AC1ED /* Business Users */ = {
			isa = PBXGroup;
			children = (
				CA7815601EFAC438002AC1ED /* BusinessApplicationViewController.swift */,
				CA7815611EFAC438002AC1ED /* BusinessApplicationViewController.xib */,
				CA7815681EFB08DF002AC1ED /* BusinessHomeViewController.swift */,
				CA7815691EFB08DF002AC1ED /* BusinessHomeViewController.xib */,
			);
			name = "Business Users";
			sourceTree = "<group>";
		};
		CAED1E051EF96E2000585422 /* Frameworks */ = {
			isa = PBXGroup;
			children = (
				CA321D7B1EF9A9AE006DDA24 /* CameraManager.framework */,
				CAED1E061EF96E2000585422 /* MapKit.framework */,
				6E7C11C6E3BD5A47D6656D35 /* Pods_FoodSnap.framework */,
				4B26151FFECED8384180DECA /* Pods_FoodSnapTests.framework */,
				53744EF4A160232347DADB42 /* Pods_FoodSnapUITests.framework */,
			);
			name = Frameworks;
			sourceTree = "<group>";
		};
		CAF5167B1EF952A20017F63A = {
			isa = PBXGroup;
			children = (
				CAF516861EF952A20017F63A /* FoodSnap */,
				CAF5169B1EF952A20017F63A /* FoodSnapTests */,
				CAF516A61EF952A20017F63A /* FoodSnapUITests */,
				CAF516851EF952A20017F63A /* Products */,
				CAED1E051EF96E2000585422 /* Frameworks */,
				26F2FCBA59319C6AFB1B15AC /* Pods */,
			);
			sourceTree = "<group>";
		};
		CAF516851EF952A20017F63A /* Products */ = {
			isa = PBXGroup;
			children = (
				CAF516841EF952A20017F63A /* FoodSnap.app */,
				CAF516981EF952A20017F63A /* FoodSnapTests.xctest */,
				CAF516A31EF952A20017F63A /* FoodSnapUITests.xctest */,
			);
			name = Products;
			sourceTree = "<group>";
		};
		CAF516861EF952A20017F63A /* FoodSnap */ = {
			isa = PBXGroup;
			children = (
				CAF516871EF952A20017F63A /* AppDelegate.swift */,
				CAF516891EF952A20017F63A /* ViewController.swift */,
				CAF5168B1EF952A20017F63A /* Main.storyboard */,
				CAED1E0C1EF96FAC00585422 /* NavigationViewController.swift */,
				CA78155B1EFAC3A4002AC1ED /* Business Users */,
				CA78155A1EFAC365002AC1ED /* Instagram Users */,
				CAF5168E1EF952A20017F63A /* Assets.xcassets */,
				CAF516901EF952A20017F63A /* LaunchScreen.storyboard */,
				CAF516931EF952A20017F63A /* Info.plist */,
			);
			path = FoodSnap;
			sourceTree = "<group>";
		};
		CAF5169B1EF952A20017F63A /* FoodSnapTests */ = {
			isa = PBXGroup;
			children = (
				CAF5169C1EF952A20017F63A /* FoodSnapTests.swift */,
				CAF5169E1EF952A20017F63A /* Info.plist */,
			);
			path = FoodSnapTests;
			sourceTree = "<group>";
		};
		CAF516A61EF952A20017F63A /* FoodSnapUITests */ = {
			isa = PBXGroup;
			children = (
				CAF516A71EF952A20017F63A /* FoodSnapUITests.swift */,
				CAF516A91EF952A20017F63A /* Info.plist */,
			);
			path = FoodSnapUITests;
			sourceTree = "<group>";
		};
/* End PBXGroup section */

/* Begin PBXNativeTarget section */
		CAF516831EF952A20017F63A /* FoodSnap */ = {
			isa = PBXNativeTarget;
			buildConfigurationList = CAF516AC1EF952A20017F63A /* Build configuration list for PBXNativeTarget "FoodSnap" */;
			buildPhases = (
				9EAA596AFEA01AAA92749D16 /* [CP] Check Pods Manifest.lock */,
				CAF516801EF952A20017F63A /* Sources */,
				CAF516811EF952A20017F63A /* Frameworks */,
				CAF516821EF952A20017F63A /* Resources */,
				2B089B39C60EC8AE2D91741E /* [CP] Embed Pods Frameworks */,
				BF74D503B133D58D5392ACA4 /* [CP] Copy Pods Resources */,
			);
			buildRules = (
			);
			dependencies = (
			);
			name = FoodSnap;
			productName = FoodSnap;
			productReference = CAF516841EF952A20017F63A /* FoodSnap.app */;
			productType = "com.apple.product-type.application";
		};
		CAF516971EF952A20017F63A /* FoodSnapTests */ = {
			isa = PBXNativeTarget;
			buildConfigurationList = CAF516AF1EF952A20017F63A /* Build configuration list for PBXNativeTarget "FoodSnapTests" */;
			buildPhases = (
				C085E05D75954E4D0A205CE0 /* [CP] Check Pods Manifest.lock */,
				CAF516941EF952A20017F63A /* Sources */,
				CAF516951EF952A20017F63A /* Frameworks */,
				CAF516961EF952A20017F63A /* Resources */,
				74C2C994E0EE3A874BCEB3E3 /* [CP] Embed Pods Frameworks */,
				9F95D2C0D3D44440B1F4F889 /* [CP] Copy Pods Resources */,
			);
			buildRules = (
			);
			dependencies = (
				CAF5169A1EF952A20017F63A /* PBXTargetDependency */,
			);
			name = FoodSnapTests;
			productName = FoodSnapTests;
			productReference = CAF516981EF952A20017F63A /* FoodSnapTests.xctest */;
			productType = "com.apple.product-type.bundle.unit-test";
		};
		CAF516A21EF952A20017F63A /* FoodSnapUITests */ = {
			isa = PBXNativeTarget;
			buildConfigurationList = CAF516B21EF952A20017F63A /* Build configuration list for PBXNativeTarget "FoodSnapUITests" */;
			buildPhases = (
				EEAA2D90EC0EFEAE59DE3D0B /* [CP] Check Pods Manifest.lock */,
				CAF5169F1EF952A20017F63A /* Sources */,
				CAF516A01EF952A20017F63A /* Frameworks */,
				CAF516A11EF952A20017F63A /* Resources */,
				940CCE629998CD9E95D305C1 /* [CP] Embed Pods Frameworks */,
				1DF6024E6954420EF0F7C06C /* [CP] Copy Pods Resources */,
			);
			buildRules = (
			);
			dependencies = (
				CAF516A51EF952A20017F63A /* PBXTargetDependency */,
			);
			name = FoodSnapUITests;
			productName = FoodSnapUITests;
			productReference = CAF516A31EF952A20017F63A /* FoodSnapUITests.xctest */;
			productType = "com.apple.product-type.bundle.ui-testing";
		};
/* End PBXNativeTarget section */

/* Begin PBXProject section */
		CAF5167C1EF952A20017F63A /* Project object */ = {
			isa = PBXProject;
			attributes = {
				LastSwiftUpdateCheck = 0830;
				LastUpgradeCheck = 0830;
				ORGANIZATIONNAME = "Arthur De Araujo";
				TargetAttributes = {
					CAF516831EF952A20017F63A = {
						CreatedOnToolsVersion = 8.3.3;
						DevelopmentTeam = 72H7NZKH7W;
						ProvisioningStyle = Automatic;
						SystemCapabilities = {
							com.apple.Maps.iOS = {
								enabled = 1;
							};
						};
					};
					CAF516971EF952A20017F63A = {
						CreatedOnToolsVersion = 8.3.3;
						DevelopmentTeam = DTD828FQW2;
						ProvisioningStyle = Automatic;
						TestTargetID = CAF516831EF952A20017F63A;
					};
					CAF516A21EF952A20017F63A = {
						CreatedOnToolsVersion = 8.3.3;
						DevelopmentTeam = DTD828FQW2;
						ProvisioningStyle = Automatic;
						TestTargetID = CAF516831EF952A20017F63A;
					};
				};
			};
			buildConfigurationList = CAF5167F1EF952A20017F63A /* Build configuration list for PBXProject "FoodSnap" */;
			compatibilityVersion = "Xcode 3.2";
			developmentRegion = English;
			hasScannedForEncodings = 0;
			knownRegions = (
				en,
				Base,
			);
			mainGroup = CAF5167B1EF952A20017F63A;
			productRefGroup = CAF516851EF952A20017F63A /* Products */;
			projectDirPath = "";
			projectRoot = "";
			targets = (
				CAF516831EF952A20017F63A /* FoodSnap */,
				CAF516971EF952A20017F63A /* FoodSnapTests */,
				CAF516A21EF952A20017F63A /* FoodSnapUITests */,
			);
		};
/* End PBXProject section */

/* Begin PBXResourcesBuildPhase section */
		CAF516821EF952A20017F63A /* Resources */ = {
			isa = PBXResourcesBuildPhase;
			buildActionMask = 2147483647;
			files = (
				CAF516921EF952A20017F63A /* LaunchScreen.storyboard in Resources */,
				CA7815551EFAB63C002AC1ED /* SharedPhotoTableViewCell.xib in Resources */,
				CAF5168F1EF952A20017F63A /* Assets.xcassets in Resources */,
				CA9461901EF99ABD0019959C /* BusinessTaskExpandedViewController.xib in Resources */,
				CAF5168D1EF952A20017F63A /* Main.storyboard in Resources */,
				CAED1E111EF96FC300585422 /* HomeViewController.xib in Resources */,
				CAE29F601EF976180004DCC7 /* BusinessTaskView.xib in Resources */,
				CA7815631EFAC438002AC1ED /* BusinessApplicationViewController.xib in Resources */,
				CA44AD321EF9CAD1009A89AD /* TaskDescPopupView.xib in Resources */,
				CA78156B1EFB08DF002AC1ED /* BusinessHomeViewController.xib in Resources */,
				CA7815591EFABA7C002AC1ED /* SharedPhotosTableViewController.xib in Resources */,
			);
			runOnlyForDeploymentPostprocessing = 0;
		};
		CAF516961EF952A20017F63A /* Resources */ = {
			isa = PBXResourcesBuildPhase;
			buildActionMask = 2147483647;
			files = (
			);
			runOnlyForDeploymentPostprocessing = 0;
		};
		CAF516A11EF952A20017F63A /* Resources */ = {
			isa = PBXResourcesBuildPhase;
			buildActionMask = 2147483647;
			files = (
			);
			runOnlyForDeploymentPostprocessing = 0;
		};
/* End PBXResourcesBuildPhase section */

/* Begin PBXShellScriptBuildPhase section */
		1DF6024E6954420EF0F7C06C /* [CP] Copy Pods Resources */ = {
			isa = PBXShellScriptBuildPhase;
			buildActionMask = 2147483647;
			files = (
			);
			inputPaths = (
			);
			name = "[CP] Copy Pods Resources";
			outputPaths = (
			);
			runOnlyForDeploymentPostprocessing = 0;
			shellPath = /bin/sh;
			shellScript = "\"${SRCROOT}/Pods/Target Support Files/Pods-FoodSnapUITests/Pods-FoodSnapUITests-resources.sh\"\n";
			showEnvVarsInLog = 0;
		};
		2B089B39C60EC8AE2D91741E /* [CP] Embed Pods Frameworks */ = {
			isa = PBXShellScriptBuildPhase;
			buildActionMask = 2147483647;
			files = (
			);
			inputPaths = (
			);
			name = "[CP] Embed Pods Frameworks";
			outputPaths = (
			);
			runOnlyForDeploymentPostprocessing = 0;
			shellPath = /bin/sh;
			shellScript = "\"${SRCROOT}/Pods/Target Support Files/Pods-FoodSnap/Pods-FoodSnap-frameworks.sh\"\n";
			showEnvVarsInLog = 0;
		};
		74C2C994E0EE3A874BCEB3E3 /* [CP] Embed Pods Frameworks */ = {
			isa = PBXShellScriptBuildPhase;
			buildActionMask = 2147483647;
			files = (
			);
			inputPaths = (
			);
			name = "[CP] Embed Pods Frameworks";
			outputPaths = (
			);
			runOnlyForDeploymentPostprocessing = 0;
			shellPath = /bin/sh;
			shellScript = "\"${SRCROOT}/Pods/Target Support Files/Pods-FoodSnapTests/Pods-FoodSnapTests-frameworks.sh\"\n";
			showEnvVarsInLog = 0;
		};
		940CCE629998CD9E95D305C1 /* [CP] Embed Pods Frameworks */ = {
			isa = PBXShellScriptBuildPhase;
			buildActionMask = 2147483647;
			files = (
			);
			inputPaths = (
			);
			name = "[CP] Embed Pods Frameworks";
			outputPaths = (
			);
			runOnlyForDeploymentPostprocessing = 0;
			shellPath = /bin/sh;
			shellScript = "\"${SRCROOT}/Pods/Target Support Files/Pods-FoodSnapUITests/Pods-FoodSnapUITests-frameworks.sh\"\n";
			showEnvVarsInLog = 0;
		};
		9EAA596AFEA01AAA92749D16 /* [CP] Check Pods Manifest.lock */ = {
			isa = PBXShellScriptBuildPhase;
			buildActionMask = 2147483647;
			files = (
			);
			inputPaths = (
			);
			name = "[CP] Check Pods Manifest.lock";
			outputPaths = (
			);
			runOnlyForDeploymentPostprocessing = 0;
			shellPath = /bin/sh;
			shellScript = "diff \"${PODS_ROOT}/../Podfile.lock\" \"${PODS_ROOT}/Manifest.lock\" > /dev/null\nif [ $? != 0 ] ; then\n    # print error to STDERR\n    echo \"error: The sandbox is not in sync with the Podfile.lock. Run 'pod install' or update your CocoaPods installation.\" >&2\n    exit 1\nfi\n";
			showEnvVarsInLog = 0;
		};
		9F95D2C0D3D44440B1F4F889 /* [CP] Copy Pods Resources */ = {
			isa = PBXShellScriptBuildPhase;
			buildActionMask = 2147483647;
			files = (
			);
			inputPaths = (
			);
			name = "[CP] Copy Pods Resources";
			outputPaths = (
			);
			runOnlyForDeploymentPostprocessing = 0;
			shellPath = /bin/sh;
			shellScript = "\"${SRCROOT}/Pods/Target Support Files/Pods-FoodSnapTests/Pods-FoodSnapTests-resources.sh\"\n";
			showEnvVarsInLog = 0;
		};
		BF74D503B133D58D5392ACA4 /* [CP] Copy Pods Resources */ = {
			isa = PBXShellScriptBuildPhase;
			buildActionMask = 2147483647;
			files = (
			);
			inputPaths = (
			);
			name = "[CP] Copy Pods Resources";
			outputPaths = (
			);
			runOnlyForDeploymentPostprocessing = 0;
			shellPath = /bin/sh;
			shellScript = "\"${SRCROOT}/Pods/Target Support Files/Pods-FoodSnap/Pods-FoodSnap-resources.sh\"\n";
			showEnvVarsInLog = 0;
		};
		C085E05D75954E4D0A205CE0 /* [CP] Check Pods Manifest.lock */ = {
			isa = PBXShellScriptBuildPhase;
			buildActionMask = 2147483647;
			files = (
			);
			inputPaths = (
			);
			name = "[CP] Check Pods Manifest.lock";
			outputPaths = (
			);
			runOnlyForDeploymentPostprocessing = 0;
			shellPath = /bin/sh;
			shellScript = "diff \"${PODS_ROOT}/../Podfile.lock\" \"${PODS_ROOT}/Manifest.lock\" > /dev/null\nif [ $? != 0 ] ; then\n    # print error to STDERR\n    echo \"error: The sandbox is not in sync with the Podfile.lock. Run 'pod install' or update your CocoaPods installation.\" >&2\n    exit 1\nfi\n";
			showEnvVarsInLog = 0;
		};
		EEAA2D90EC0EFEAE59DE3D0B /* [CP] Check Pods Manifest.lock */ = {
			isa = PBXShellScriptBuildPhase;
			buildActionMask = 2147483647;
			files = (
			);
			inputPaths = (
			);
			name = "[CP] Check Pods Manifest.lock";
			outputPaths = (
			);
			runOnlyForDeploymentPostprocessing = 0;
			shellPath = /bin/sh;
			shellScript = "diff \"${PODS_ROOT}/../Podfile.lock\" \"${PODS_ROOT}/Manifest.lock\" > /dev/null\nif [ $? != 0 ] ; then\n    # print error to STDERR\n    echo \"error: The sandbox is not in sync with the Podfile.lock. Run 'pod install' or update your CocoaPods installation.\" >&2\n    exit 1\nfi\n";
			showEnvVarsInLog = 0;
		};
/* End PBXShellScriptBuildPhase section */

/* Begin PBXSourcesBuildPhase section */
		CAF516801EF952A20017F63A /* Sources */ = {
			isa = PBXSourcesBuildPhase;
			buildActionMask = 2147483647;
			files = (
				CA94618F1EF99ABD0019959C /* BusinessTaskExpandedViewController.swift in Sources */,
				CA7815581EFABA7C002AC1ED /* SharedPhotosTableViewController.swift in Sources */,
				CA78156A1EFB08DF002AC1ED /* BusinessHomeViewController.swift in Sources */,
				CAED1E0D1EF96FAC00585422 /* NavigationViewController.swift in Sources */,
				CA44AD341EF9D791009A89AD /* InstagramManager.swift in Sources */,
				CA7815621EFAC438002AC1ED /* BusinessApplicationViewController.swift in Sources */,
				CA7815541EFAB63C002AC1ED /* SharedPhotoTableViewCell.swift in Sources */,
				CAF5168A1EF952A20017F63A /* ViewController.swift in Sources */,
				CAF516881EF952A20017F63A /* AppDelegate.swift in Sources */,
				CA44AD301EF9CAC2009A89AD /* TaskDescPopupView.swift in Sources */,
				CAE29F621EF9768E0004DCC7 /* BusinessTaskView.swift in Sources */,
				CAED1E101EF96FC300585422 /* HomeViewController.swift in Sources */,
			);
			runOnlyForDeploymentPostprocessing = 0;
		};
		CAF516941EF952A20017F63A /* Sources */ = {
			isa = PBXSourcesBuildPhase;
			buildActionMask = 2147483647;
			files = (
				CAF5169D1EF952A20017F63A /* FoodSnapTests.swift in Sources */,
			);
			runOnlyForDeploymentPostprocessing = 0;
		};
		CAF5169F1EF952A20017F63A /* Sources */ = {
			isa = PBXSourcesBuildPhase;
			buildActionMask = 2147483647;
			files = (
				CAF516A81EF952A20017F63A /* FoodSnapUITests.swift in Sources */,
			);
			runOnlyForDeploymentPostprocessing = 0;
		};
/* End PBXSourcesBuildPhase section */

/* Begin PBXTargetDependency section */
		CAF5169A1EF952A20017F63A /* PBXTargetDependency */ = {
			isa = PBXTargetDependency;
			target = CAF516831EF952A20017F63A /* FoodSnap */;
			targetProxy = CAF516991EF952A20017F63A /* PBXContainerItemProxy */;
		};
		CAF516A51EF952A20017F63A /* PBXTargetDependency */ = {
			isa = PBXTargetDependency;
			target = CAF516831EF952A20017F63A /* FoodSnap */;
			targetProxy = CAF516A41EF952A20017F63A /* PBXContainerItemProxy */;
		};
/* End PBXTargetDependency section */

/* Begin PBXVariantGroup section */
		CAF5168B1EF952A20017F63A /* Main.storyboard */ = {
			isa = PBXVariantGroup;
			children = (
				CAF5168C1EF952A20017F63A /* Base */,
			);
			name = Main.storyboard;
			sourceTree = "<group>";
		};
		CAF516901EF952A20017F63A /* LaunchScreen.storyboard */ = {
			isa = PBXVariantGroup;
			children = (
				CAF516911EF952A20017F63A /* Base */,
			);
			name = LaunchScreen.storyboard;
			sourceTree = "<group>";
		};
/* End PBXVariantGroup section */

/* Begin XCBuildConfiguration section */
		CAF516AA1EF952A20017F63A /* Debug */ = {
			isa = XCBuildConfiguration;
			buildSettings = {
				ALWAYS_SEARCH_USER_PATHS = NO;
				CLANG_ANALYZER_NONNULL = YES;
				CLANG_ANALYZER_NUMBER_OBJECT_CONVERSION = YES_AGGRESSIVE;
				CLANG_CXX_LANGUAGE_STANDARD = "gnu++0x";
				CLANG_CXX_LIBRARY = "libc++";
				CLANG_ENABLE_MODULES = YES;
				CLANG_ENABLE_OBJC_ARC = YES;
				CLANG_WARN_BOOL_CONVERSION = YES;
				CLANG_WARN_CONSTANT_CONVERSION = YES;
				CLANG_WARN_DIRECT_OBJC_ISA_USAGE = YES_ERROR;
				CLANG_WARN_DOCUMENTATION_COMMENTS = YES;
				CLANG_WARN_EMPTY_BODY = YES;
				CLANG_WARN_ENUM_CONVERSION = YES;
				CLANG_WARN_INFINITE_RECURSION = YES;
				CLANG_WARN_INT_CONVERSION = YES;
				CLANG_WARN_OBJC_ROOT_CLASS = YES_ERROR;
				CLANG_WARN_SUSPICIOUS_MOVE = YES;
				CLANG_WARN_UNREACHABLE_CODE = YES;
				CLANG_WARN__DUPLICATE_METHOD_MATCH = YES;
				"CODE_SIGN_IDENTITY[sdk=iphoneos*]" = "iPhone Developer";
				COPY_PHASE_STRIP = NO;
				DEBUG_INFORMATION_FORMAT = dwarf;
				ENABLE_STRICT_OBJC_MSGSEND = YES;
				ENABLE_TESTABILITY = YES;
				GCC_C_LANGUAGE_STANDARD = gnu99;
				GCC_DYNAMIC_NO_PIC = NO;
				GCC_NO_COMMON_BLOCKS = YES;
				GCC_OPTIMIZATION_LEVEL = 0;
				GCC_PREPROCESSOR_DEFINITIONS = (
					"DEBUG=1",
					"$(inherited)",
				);
				GCC_WARN_64_TO_32_BIT_CONVERSION = YES;
				GCC_WARN_ABOUT_RETURN_TYPE = YES_ERROR;
				GCC_WARN_UNDECLARED_SELECTOR = YES;
				GCC_WARN_UNINITIALIZED_AUTOS = YES_AGGRESSIVE;
				GCC_WARN_UNUSED_FUNCTION = YES;
				GCC_WARN_UNUSED_VARIABLE = YES;
				IPHONEOS_DEPLOYMENT_TARGET = 10.3;
				MTL_ENABLE_DEBUG_INFO = YES;
				ONLY_ACTIVE_ARCH = YES;
				SDKROOT = iphoneos;
				SWIFT_ACTIVE_COMPILATION_CONDITIONS = DEBUG;
				SWIFT_OPTIMIZATION_LEVEL = "-Onone";
				TARGETED_DEVICE_FAMILY = "1,2";
			};
			name = Debug;
		};
		CAF516AB1EF952A20017F63A /* Release */ = {
			isa = XCBuildConfiguration;
			buildSettings = {
				ALWAYS_SEARCH_USER_PATHS = NO;
				CLANG_ANALYZER_NONNULL = YES;
				CLANG_ANALYZER_NUMBER_OBJECT_CONVERSION = YES_AGGRESSIVE;
				CLANG_CXX_LANGUAGE_STANDARD = "gnu++0x";
				CLANG_CXX_LIBRARY = "libc++";
				CLANG_ENABLE_MODULES = YES;
				CLANG_ENABLE_OBJC_ARC = YES;
				CLANG_WARN_BOOL_CONVERSION = YES;
				CLANG_WARN_CONSTANT_CONVERSION = YES;
				CLANG_WARN_DIRECT_OBJC_ISA_USAGE = YES_ERROR;
				CLANG_WARN_DOCUMENTATION_COMMENTS = YES;
				CLANG_WARN_EMPTY_BODY = YES;
				CLANG_WARN_ENUM_CONVERSION = YES;
				CLANG_WARN_INFINITE_RECURSION = YES;
				CLANG_WARN_INT_CONVERSION = YES;
				CLANG_WARN_OBJC_ROOT_CLASS = YES_ERROR;
				CLANG_WARN_SUSPICIOUS_MOVE = YES;
				CLANG_WARN_UNREACHABLE_CODE = YES;
				CLANG_WARN__DUPLICATE_METHOD_MATCH = YES;
				"CODE_SIGN_IDENTITY[sdk=iphoneos*]" = "iPhone Developer";
				COPY_PHASE_STRIP = NO;
				DEBUG_INFORMATION_FORMAT = "dwarf-with-dsym";
				ENABLE_NS_ASSERTIONS = NO;
				ENABLE_STRICT_OBJC_MSGSEND = YES;
				GCC_C_LANGUAGE_STANDARD = gnu99;
				GCC_NO_COMMON_BLOCKS = YES;
				GCC_WARN_64_TO_32_BIT_CONVERSION = YES;
				GCC_WARN_ABOUT_RETURN_TYPE = YES_ERROR;
				GCC_WARN_UNDECLARED_SELECTOR = YES;
				GCC_WARN_UNINITIALIZED_AUTOS = YES_AGGRESSIVE;
				GCC_WARN_UNUSED_FUNCTION = YES;
				GCC_WARN_UNUSED_VARIABLE = YES;
				IPHONEOS_DEPLOYMENT_TARGET = 10.3;
				MTL_ENABLE_DEBUG_INFO = NO;
				SDKROOT = iphoneos;
				SWIFT_OPTIMIZATION_LEVEL = "-Owholemodule";
				TARGETED_DEVICE_FAMILY = "1,2";
				VALIDATE_PRODUCT = YES;
			};
			name = Release;
		};
		CAF516AD1EF952A20017F63A /* Debug */ = {
			isa = XCBuildConfiguration;
			baseConfigurationReference = 6850F6AC909A550DAE5D8AFA /* Pods-FoodSnap.debug.xcconfig */;
			buildSettings = {
				ASSETCATALOG_COMPILER_APPICON_NAME = AppIcon;
				DEVELOPMENT_TEAM = 72H7NZKH7W;
				FRAMEWORK_SEARCH_PATHS = (
					"$(inherited)",
					"$(PROJECT_DIR)/build/Debug-iphoneos/CameraManager",
				);
				INFOPLIST_FILE = FoodSnap/Info.plist;
				LD_RUNPATH_SEARCH_PATHS = "$(inherited) @executable_path/Frameworks";
				PRODUCT_BUNDLE_IDENTIFIER = com.arthur.FoodSnap;
				PRODUCT_NAME = "$(TARGET_NAME)";
				SWIFT_VERSION = 3.0;
			};
			name = Debug;
		};
		CAF516AE1EF952A20017F63A /* Release */ = {
			isa = XCBuildConfiguration;
			baseConfigurationReference = CB566BAD8AC5BB689DCE77AD /* Pods-FoodSnap.release.xcconfig */;
			buildSettings = {
				ASSETCATALOG_COMPILER_APPICON_NAME = AppIcon;
				DEVELOPMENT_TEAM = 72H7NZKH7W;
				FRAMEWORK_SEARCH_PATHS = (
					"$(inherited)",
					"$(PROJECT_DIR)/build/Debug-iphoneos/CameraManager",
				);
				INFOPLIST_FILE = FoodSnap/Info.plist;
				LD_RUNPATH_SEARCH_PATHS = "$(inherited) @executable_path/Frameworks";
				PRODUCT_BUNDLE_IDENTIFIER = com.arthur.FoodSnap;
				PRODUCT_NAME = "$(TARGET_NAME)";
				SWIFT_VERSION = 3.0;
			};
			name = Release;
		};
		CAF516B01EF952A20017F63A /* Debug */ = {
			isa = XCBuildConfiguration;
			baseConfigurationReference = 9C36C228F5E6DA343151B8AA /* Pods-FoodSnapTests.debug.xcconfig */;
			buildSettings = {
				ALWAYS_EMBED_SWIFT_STANDARD_LIBRARIES = YES;
				BUNDLE_LOADER = "$(TEST_HOST)";
				DEVELOPMENT_TEAM = DTD828FQW2;
				INFOPLIST_FILE = FoodSnapTests/Info.plist;
				LD_RUNPATH_SEARCH_PATHS = "$(inherited) @executable_path/Frameworks @loader_path/Frameworks";
				PRODUCT_BUNDLE_IDENTIFIER = com.arthur.FoodSnapTests;
				PRODUCT_NAME = "$(TARGET_NAME)";
				SWIFT_VERSION = 3.0;
				TEST_HOST = "$(BUILT_PRODUCTS_DIR)/FoodSnap.app/FoodSnap";
			};
			name = Debug;
		};
		CAF516B11EF952A20017F63A /* Release */ = {
			isa = XCBuildConfiguration;
			baseConfigurationReference = EDB51859DEE833E4AE9E0D88 /* Pods-FoodSnapTests.release.xcconfig */;
			buildSettings = {
				ALWAYS_EMBED_SWIFT_STANDARD_LIBRARIES = YES;
				BUNDLE_LOADER = "$(TEST_HOST)";
				DEVELOPMENT_TEAM = DTD828FQW2;
				INFOPLIST_FILE = FoodSnapTests/Info.plist;
				LD_RUNPATH_SEARCH_PATHS = "$(inherited) @executable_path/Frameworks @loader_path/Frameworks";
				PRODUCT_BUNDLE_IDENTIFIER = com.arthur.FoodSnapTests;
				PRODUCT_NAME = "$(TARGET_NAME)";
				SWIFT_VERSION = 3.0;
				TEST_HOST = "$(BUILT_PRODUCTS_DIR)/FoodSnap.app/FoodSnap";
			};
			name = Release;
		};
		CAF516B31EF952A20017F63A /* Debug */ = {
			isa = XCBuildConfiguration;
			baseConfigurationReference = 59DCF5F574388DE136ABA228 /* Pods-FoodSnapUITests.debug.xcconfig */;
			buildSettings = {
				ALWAYS_EMBED_SWIFT_STANDARD_LIBRARIES = YES;
				DEVELOPMENT_TEAM = DTD828FQW2;
				INFOPLIST_FILE = FoodSnapUITests/Info.plist;
				LD_RUNPATH_SEARCH_PATHS = "$(inherited) @executable_path/Frameworks @loader_path/Frameworks";
				PRODUCT_BUNDLE_IDENTIFIER = com.arthur.FoodSnapUITests;
				PRODUCT_NAME = "$(TARGET_NAME)";
				SWIFT_VERSION = 3.0;
				TEST_TARGET_NAME = FoodSnap;
			};
			name = Debug;
		};
		CAF516B41EF952A20017F63A /* Release */ = {
			isa = XCBuildConfiguration;
			baseConfigurationReference = 09206BAF84B12502F2A1BFB8 /* Pods-FoodSnapUITests.release.xcconfig */;
			buildSettings = {
				ALWAYS_EMBED_SWIFT_STANDARD_LIBRARIES = YES;
				DEVELOPMENT_TEAM = DTD828FQW2;
				INFOPLIST_FILE = FoodSnapUITests/Info.plist;
				LD_RUNPATH_SEARCH_PATHS = "$(inherited) @executable_path/Frameworks @loader_path/Frameworks";
				PRODUCT_BUNDLE_IDENTIFIER = com.arthur.FoodSnapUITests;
				PRODUCT_NAME = "$(TARGET_NAME)";
				SWIFT_VERSION = 3.0;
				TEST_TARGET_NAME = FoodSnap;
			};
			name = Release;
		};
/* End XCBuildConfiguration section */

/* Begin XCConfigurationList section */
		CAF5167F1EF952A20017F63A /* Build configuration list for PBXProject "FoodSnap" */ = {
			isa = XCConfigurationList;
			buildConfigurations = (
				CAF516AA1EF952A20017F63A /* Debug */,
				CAF516AB1EF952A20017F63A /* Release */,
			);
			defaultConfigurationIsVisible = 0;
			defaultConfigurationName = Release;
		};
		CAF516AC1EF952A20017F63A /* Build configuration list for PBXNativeTarget "FoodSnap" */ = {
			isa = XCConfigurationList;
			buildConfigurations = (
				CAF516AD1EF952A20017F63A /* Debug */,
				CAF516AE1EF952A20017F63A /* Release */,
			);
			defaultConfigurationIsVisible = 0;
			defaultConfigurationName = Release;
		};
		CAF516AF1EF952A20017F63A /* Build configuration list for PBXNativeTarget "FoodSnapTests" */ = {
			isa = XCConfigurationList;
			buildConfigurations = (
				CAF516B01EF952A20017F63A /* Debug */,
				CAF516B11EF952A20017F63A /* Release */,
			);
			defaultConfigurationIsVisible = 0;
			defaultConfigurationName = Release;
		};
		CAF516B21EF952A20017F63A /* Build configuration list for PBXNativeTarget "FoodSnapUITests" */ = {
			isa = XCConfigurationList;
			buildConfigurations = (
				CAF516B31EF952A20017F63A /* Debug */,
				CAF516B41EF952A20017F63A /* Release */,
			);
			defaultConfigurationIsVisible = 0;
			defaultConfigurationName = Release;
		};
/* End XCConfigurationList section */
	};
	rootObject = CAF5167C1EF952A20017F63A /* Project object */;
}
